
Microsoft Visual Studio Solution File, Format Version 12.00
# Visual Studio Version 16
VisualStudioVersion = 16.0.29209.152
MinimumVisualStudioVersion = 10.0.40219.1
Project("{2150E333-8FDC-42A3-9474-1A3956D46DE8}") = "src", "src", "{BDE66F76-FC12-43AF-8F40-38948C8CA787}"
EndProject
Project("{2150E333-8FDC-42A3-9474-1A3956D46DE8}") = "test", "test", "{C75B5382-8A45-485A-8D3B-9172336F5776}"
EndProject
Project("{9A19103F-16F7-4668-BE54-9A1E7A4F7556}") = "Laobian.Share", "src\share\Laobian.Share.csproj", "{010ABB08-086A-424F-A744-60358EC2680D}"
EndProject
Project("{9A19103F-16F7-4668-BE54-9A1E7A4F7556}") = "Laobian.Blog", "src\blog\Laobian.Blog.csproj", "{2AC816A7-B384-4C68-9B2A-186F35ECAE1C}"
EndProject
Project("{9A19103F-16F7-4668-BE54-9A1E7A4F7556}") = "Laobian.Share.Test", "test\Laobian.Share.Test\Laobian.Share.Test.csproj", "{226403EC-931B-4CA6-B312-3898208F63F8}"
EndProject
Global
	GlobalSection(SolutionConfigurationPlatforms) = preSolution
		Debug|Any CPU = Debug|Any CPU
		Release|Any CPU = Release|Any CPU
	EndGlobalSection
	GlobalSection(ProjectConfigurationPlatforms) = postSolution
		{010ABB08-086A-424F-A744-60358EC2680D}.Debug|Any CPU.ActiveCfg = Debug|Any CPU
		{010ABB08-086A-424F-A744-60358EC2680D}.Debug|Any CPU.Build.0 = Debug|Any CPU
		{010ABB08-086A-424F-A744-60358EC2680D}.Release|Any CPU.ActiveCfg = Release|Any CPU
		{010ABB08-086A-424F-A744-60358EC2680D}.Release|Any CPU.Build.0 = Release|Any CPU
		{2AC816A7-B384-4C68-9B2A-186F35ECAE1C}.Debug|Any CPU.ActiveCfg = Debug|Any CPU
		{2AC816A7-B384-4C68-9B2A-186F35ECAE1C}.Debug|Any CPU.Build.0 = Debug|Any CPU
		{2AC816A7-B384-4C68-9B2A-186F35ECAE1C}.Release|Any CPU.ActiveCfg = Release|Any CPU
		{2AC816A7-B384-4C68-9B2A-186F35ECAE1C}.Release|Any CPU.Build.0 = Release|Any CPU
		{226403EC-931B-4CA6-B312-3898208F63F8}.Debug|Any CPU.ActiveCfg = Debug|Any CPU
		{226403EC-931B-4CA6-B312-3898208F63F8}.Debug|Any CPU.Build.0 = Debug|Any CPU
		{226403EC-931B-4CA6-B312-3898208F63F8}.Release|Any CPU.ActiveCfg = Release|Any CPU
		{226403EC-931B-4CA6-B312-3898208F63F8}.Release|Any CPU.Build.0 = Release|Any CPU
	EndGlobalSection
	GlobalSection(SolutionProperties) = preSolution
		HideSolutionNode = FALSE
	EndGlobalSection
	GlobalSection(NestedProjects) = preSolution
		{010ABB08-086A-424F-A744-60358EC2680D} = {BDE66F76-FC12-43AF-8F40-38948C8CA787}
		{2AC816A7-B384-4C68-9B2A-186F35ECAE1C} = {BDE66F76-FC12-43AF-8F40-38948C8CA787}
		{226403EC-931B-4CA6-B312-3898208F63F8} = {C75B5382-8A45-485A-8D3B-9172336F5776}
	EndGlobalSection
	GlobalSection(ExtensibilityGlobals) = postSolution
		SolutionGuid = {8FA34FBF-846E-4584-A02A-933F651F5B49}
	EndGlobalSection
EndGlobal
