
Microsoft Visual Studio Solution File, Format Version 12.00
# Visual Studio Version 16
VisualStudioVersion = 16.0.31129.286
MinimumVisualStudioVersion = 10.0.40219.1
Project("{2150E333-8FDC-42A3-9474-1A3956D46DE8}") = "src", "src", "{EA8C544C-BE05-477F-990F-E5C011BAD590}"
EndProject
Project("{2150E333-8FDC-42A3-9474-1A3956D46DE8}") = "test", "test", "{13445EA4-C3D1-4523-8C60-43030EF21D79}"
EndProject
Project("{FAE04EC0-301F-11D3-BF4B-00C04F79EFBC}") = "Laobian.Admin", "src\admin\Laobian.Admin\Laobian.Admin.csproj", "{77609B9D-3BF4-49B8-A16B-8D29A1738AE1}"
EndProject
Project("{FAE04EC0-301F-11D3-BF4B-00C04F79EFBC}") = "Laobian.Blog", "src\blog\Laobian.Blog\Laobian.Blog.csproj", "{BA4BAC78-D109-4BF0-B0E9-E385030120A4}"
EndProject
Project("{FAE04EC0-301F-11D3-BF4B-00C04F79EFBC}") = "Laobian.Api", "src\api\Laobian.Api\Laobian.Api.csproj", "{26162D17-4779-4EAB-92F0-4B8B577F3BC0}"
EndProject
Project("{FAE04EC0-301F-11D3-BF4B-00C04F79EFBC}") = "Laobian.Share", "src\share\Laobian.Share\Laobian.Share.csproj", "{7EEFB79A-E61C-47E6-9675-EDE28007B8B1}"
EndProject
Global
	GlobalSection(SolutionConfigurationPlatforms) = preSolution
		Debug|Any CPU = Debug|Any CPU
		Release|Any CPU = Release|Any CPU
	EndGlobalSection
	GlobalSection(ProjectConfigurationPlatforms) = postSolution
		{77609B9D-3BF4-49B8-A16B-8D29A1738AE1}.Debug|Any CPU.ActiveCfg = Debug|Any CPU
		{77609B9D-3BF4-49B8-A16B-8D29A1738AE1}.Debug|Any CPU.Build.0 = Debug|Any CPU
		{77609B9D-3BF4-49B8-A16B-8D29A1738AE1}.Release|Any CPU.ActiveCfg = Release|Any CPU
		{77609B9D-3BF4-49B8-A16B-8D29A1738AE1}.Release|Any CPU.Build.0 = Release|Any CPU
		{BA4BAC78-D109-4BF0-B0E9-E385030120A4}.Debug|Any CPU.ActiveCfg = Debug|Any CPU
		{BA4BAC78-D109-4BF0-B0E9-E385030120A4}.Debug|Any CPU.Build.0 = Debug|Any CPU
		{BA4BAC78-D109-4BF0-B0E9-E385030120A4}.Release|Any CPU.ActiveCfg = Release|Any CPU
		{BA4BAC78-D109-4BF0-B0E9-E385030120A4}.Release|Any CPU.Build.0 = Release|Any CPU
		{26162D17-4779-4EAB-92F0-4B8B577F3BC0}.Debug|Any CPU.ActiveCfg = Debug|Any CPU
		{26162D17-4779-4EAB-92F0-4B8B577F3BC0}.Debug|Any CPU.Build.0 = Debug|Any CPU
		{26162D17-4779-4EAB-92F0-4B8B577F3BC0}.Release|Any CPU.ActiveCfg = Release|Any CPU
		{26162D17-4779-4EAB-92F0-4B8B577F3BC0}.Release|Any CPU.Build.0 = Release|Any CPU
		{7EEFB79A-E61C-47E6-9675-EDE28007B8B1}.Debug|Any CPU.ActiveCfg = Debug|Any CPU
		{7EEFB79A-E61C-47E6-9675-EDE28007B8B1}.Debug|Any CPU.Build.0 = Debug|Any CPU
		{7EEFB79A-E61C-47E6-9675-EDE28007B8B1}.Release|Any CPU.ActiveCfg = Release|Any CPU
		{7EEFB79A-E61C-47E6-9675-EDE28007B8B1}.Release|Any CPU.Build.0 = Release|Any CPU
	EndGlobalSection
	GlobalSection(SolutionProperties) = preSolution
		HideSolutionNode = FALSE
	EndGlobalSection
	GlobalSection(NestedProjects) = preSolution
		{77609B9D-3BF4-49B8-A16B-8D29A1738AE1} = {EA8C544C-BE05-477F-990F-E5C011BAD590}
		{BA4BAC78-D109-4BF0-B0E9-E385030120A4} = {EA8C544C-BE05-477F-990F-E5C011BAD590}
		{26162D17-4779-4EAB-92F0-4B8B577F3BC0} = {EA8C544C-BE05-477F-990F-E5C011BAD590}
		{7EEFB79A-E61C-47E6-9675-EDE28007B8B1} = {EA8C544C-BE05-477F-990F-E5C011BAD590}
	EndGlobalSection
	GlobalSection(ExtensibilityGlobals) = postSolution
		SolutionGuid = {5FB44028-B8CE-4E75-AC6B-ACED23D2F62E}
	EndGlobalSection
EndGlobal
