{
  "name": "laobian.me",
  "version": "7.3.0",
  "lockfileVersion": 2,
  "requires": true,
  "packages": {
    "": {
      "name": "laobian.me",
      "version": "7.3.0",
      "license": "MIT",
      "devDependencies": {
        "@highlightjs/cdn-assets": "^11.6.0",
        "@stackoverflow/stacks-editor": "^0.8.1",
        "anchor-js": "^4.3.1",
        "bootstrap": "^5.2.2",
        "bootstrap-icons": "^1.9.1",
        "ga-lite": "^2.1.6",
        "sass": "^1.55.0",
        "uglify-js": "^3.17.3",
        "uglifycss": "^0.0.29"
      }
    },
    "node_modules/@highlightjs/cdn-assets": {
      "version": "11.6.0",
      "resolved": "https://registry.npmjs.org/@highlightjs/cdn-assets/-/cdn-assets-11.6.0.tgz",
      "integrity": "sha512-Mod+0LGTetSd0JbLGOHesCP3FLz8T/BOuDitF6stBNmHSLDmds1i4hT02T98Xlj3bGgPCbRsiF2D7i0Nraa+sQ==",
      "dev": true,
      "engines": {
        "node": ">=12.0.0"
      }
    },
    "node_modules/@lezer/common": {
      "version": "1.0.1",
      "resolved": "https://registry.npmjs.org/@lezer/common/-/common-1.0.1.tgz",
      "integrity": "sha512-8TR5++Q/F//tpDsLd5zkrvEX5xxeemafEaek7mUp7Y+bI8cKQXdSqhzTOBaOogETcMOVr0pT3BBPXp13477ciw==",
      "dev": true
    },
    "node_modules/@lezer/highlight": {
      "version": "1.1.1",
      "resolved": "https://registry.npmjs.org/@lezer/highlight/-/highlight-1.1.1.tgz",
      "integrity": "sha512-duv9D23O9ghEDnnUDmxu+L8pJy4nYo4AbCOHIudUhscrLSazqeJeK1V50EU6ZufWF1zv0KJwu/frFRyZWXxHBQ==",
      "dev": true,
      "dependencies": {
        "@lezer/common": "^1.0.0"
      }
    },
    "node_modules/@lezer/markdown": {
      "version": "1.0.2",
      "resolved": "https://registry.npmjs.org/@lezer/markdown/-/markdown-1.0.2.tgz",
      "integrity": "sha512-8CY0OoZ6V5EzPjSPeJ4KLVbtXdLBd8V6sRCooN5kHnO28ytreEGTyrtU/zUwo/XLRzGr/e1g44KlzKi3yWGB5A==",
      "dev": true,
      "dependencies": {
        "@lezer/common": "^1.0.0",
        "@lezer/highlight": "^1.0.0"
      }
    },
    "node_modules/@popperjs/core": {
      "version": "2.11.6",
      "resolved": "https://registry.npmjs.org/@popperjs/core/-/core-2.11.6.tgz",
      "integrity": "sha512-50/17A98tWUfQ176raKiOGXuYpLyyVMkxxG6oylzL3BPOlA6ADGdK7EYunSa4I064xerltq9TGXs8HmOk5E+vw==",
      "dev": true,
      "funding": {
        "type": "opencollective",
        "url": "https://opencollective.com/popperjs"
      }
    },
    "node_modules/@stackoverflow/stacks": {
      "version": "1.3.6",
      "resolved": "https://registry.npmjs.org/@stackoverflow/stacks/-/stacks-1.3.6.tgz",
      "integrity": "sha512-uRo6bt5WtYv6lryb4CZdU3fTd7SzYvO2MSoHfrWaRlw1z3mtiAgyUmA+qxY492nNeCz4l7x5V7KblRAwACa7Lg==",
      "dev": true,
      "dependencies": {
        "@popperjs/core": "^2.11.6",
        "stimulus": "^2.0.0"
      }
    },
    "node_modules/@stackoverflow/stacks-editor": {
      "version": "0.8.1",
      "resolved": "https://registry.npmjs.org/@stackoverflow/stacks-editor/-/stacks-editor-0.8.1.tgz",
      "integrity": "sha512-fOU93smLB/XEsxkkiXR3gWfa/JjLBUlkArr1sUEuH1BbaD61KUAVQD6DZ9ypD63Yoj1fPjmSuAIZj0vwCjNrog==",
      "dev": true,
      "dependencies": {
        "@lezer/highlight": "^1.1.1",
        "@lezer/markdown": "^1.0.2",
        "@stackoverflow/stacks": "^1.3.6",
        "@stackoverflow/stacks-icons": "^3.0.5",
        "@types/markdown-it": "12.2.3",
        "markdown-it": "^13.0.1",
        "orderedmap": "^2.1.0",
        "prosemirror-commands": "^1.3.1",
        "prosemirror-highlightjs": "^0.9.1",
        "prosemirror-history": "^1.3.0",
        "prosemirror-inputrules": "^1.2.0",
        "prosemirror-keymap": "^1.2.0",
        "prosemirror-lezer": "^0.0.5",
        "prosemirror-markdown": "^1.9.4",
        "prosemirror-model": "^1.18.1",
        "prosemirror-schema-basic": "^1.2.0",
        "prosemirror-schema-list": "^1.2.2",
        "prosemirror-state": "^1.4.1",
        "prosemirror-transform": "^1.7.0",
        "prosemirror-view": "^1.28.2"
      },
      "peerDependencies": {
        "highlight.js": "^11.6.0"
      }
    },
    "node_modules/@stackoverflow/stacks-icons": {
      "version": "3.0.5",
      "resolved": "https://registry.npmjs.org/@stackoverflow/stacks-icons/-/stacks-icons-3.0.5.tgz",
      "integrity": "sha512-FkugwKMwQjfYJPVBnTk9d6SQvNawvPwruCKZjSImyjyqMfswD8HBrXN+EisZCLuyQ+OKPoBVBHImZkciIph9iw==",
      "dev": true
    },
    "node_modules/@stimulus/core": {
      "version": "2.0.0",
      "resolved": "https://registry.npmjs.org/@stimulus/core/-/core-2.0.0.tgz",
      "integrity": "sha512-ff70GafKtzc8zQ1/cG+UvL06GcifPWovf2wBEdjLMh9xO2GOYURO3y2RYgzIGYUIBefQwyfX2CLfJdZFJrEPTw==",
      "dev": true,
      "dependencies": {
        "@stimulus/mutation-observers": "^2.0.0"
      }
    },
    "node_modules/@stimulus/multimap": {
      "version": "2.0.0",
      "resolved": "https://registry.npmjs.org/@stimulus/multimap/-/multimap-2.0.0.tgz",
      "integrity": "sha512-pMBCewkZCFVB3e5mEMoyO9+9aKzHDITmf3OnPun51YWxlcPdHcwbjqm1ylK63fsoduIE+RowBpFwFqd3poEz4w==",
      "dev": true
    },
    "node_modules/@stimulus/mutation-observers": {
      "version": "2.0.0",
      "resolved": "https://registry.npmjs.org/@stimulus/mutation-observers/-/mutation-observers-2.0.0.tgz",
      "integrity": "sha512-kx4VAJdPhIGBQKGIoUDC2tupEKorG3A+ckc2b1UiwInKTMAC1axOHU8ebcwhaJIxRqIrs8//4SJo9YAAOx6FEg==",
      "dev": true,
      "dependencies": {
        "@stimulus/multimap": "^2.0.0"
      }
    },
    "node_modules/@stimulus/webpack-helpers": {
      "version": "2.0.0",
      "resolved": "https://registry.npmjs.org/@stimulus/webpack-helpers/-/webpack-helpers-2.0.0.tgz",
      "integrity": "sha512-D6tJWsAC024MwGEIKlUVYU8Ln87mlrmiwHvYAjipg+s8H4eLxUMQ3PZkWyPevfipH+oR3leuHsjYsK1gN5ViQA==",
      "dev": true
    },
    "node_modules/@types/linkify-it": {
      "version": "3.0.2",
      "resolved": "https://registry.npmjs.org/@types/linkify-it/-/linkify-it-3.0.2.tgz",
      "integrity": "sha512-HZQYqbiFVWufzCwexrvh694SOim8z2d+xJl5UNamcvQFejLY/2YUtzXHYi3cHdI7PMlS8ejH2slRAOJQ32aNbA==",
      "dev": true
    },
    "node_modules/@types/markdown-it": {
      "version": "12.2.3",
      "resolved": "https://registry.npmjs.org/@types/markdown-it/-/markdown-it-12.2.3.tgz",
      "integrity": "sha512-GKMHFfv3458yYy+v/N8gjufHO6MSZKCOXpZc5GXIWWy8uldwfmPn98vp81gZ5f9SVw8YYBctgfJ22a2d7AOMeQ==",
      "dev": true,
      "dependencies": {
        "@types/linkify-it": "*",
        "@types/mdurl": "*"
      }
    },
    "node_modules/@types/mdurl": {
      "version": "1.0.2",
      "resolved": "https://registry.npmjs.org/@types/mdurl/-/mdurl-1.0.2.tgz",
      "integrity": "sha512-eC4U9MlIcu2q0KQmXszyn5Akca/0jrQmwDRgpAMJai7qBWq4amIQhZyNau4VYGtCeALvW1/NtjzJJ567aZxfKA==",
      "dev": true
    },
    "node_modules/anchor-js": {
      "version": "4.3.1",
      "resolved": "https://registry.npmjs.org/anchor-js/-/anchor-js-4.3.1.tgz",
      "integrity": "sha512-TziERoibspey7KSm95oIdzTxiogXonJl7inQI07Y3cI25DKQaLkUftB7RhCuSb1GcwunHL6/PcIKM4dDUb9xYQ==",
      "dev": true
    },
    "node_modules/anymatch": {
      "version": "3.1.2",
      "resolved": "https://registry.npmjs.org/anymatch/-/anymatch-3.1.2.tgz",
      "integrity": "sha512-P43ePfOAIupkguHUycrc4qJ9kz8ZiuOUijaETwX7THt0Y/GNK7v0aa8rY816xWjZ7rJdA5XdMcpVFTKMq+RvWg==",
      "dev": true,
      "dependencies": {
        "normalize-path": "^3.0.0",
        "picomatch": "^2.0.4"
      },
      "engines": {
        "node": ">= 8"
      }
    },
    "node_modules/argparse": {
      "version": "2.0.1",
      "resolved": "https://registry.npmjs.org/argparse/-/argparse-2.0.1.tgz",
      "integrity": "sha512-8+9WqebbFzpX9OR+Wa6O29asIogeRMzcGtAINdpMHHyAg10f05aSFVBbcEqGf/PXw1EjAZ+q2/bEBg3DvurK3Q==",
      "dev": true
    },
    "node_modules/binary-extensions": {
      "version": "2.2.0",
      "resolved": "https://registry.npmjs.org/binary-extensions/-/binary-extensions-2.2.0.tgz",
      "integrity": "sha512-jDctJ/IVQbZoJykoeHbhXpOlNBqGNcwXJKJog42E5HDPUwQTSdjCHdihjj0DlnheQ7blbT6dHOafNAiS8ooQKA==",
      "dev": true,
      "engines": {
        "node": ">=8"
      }
    },
    "node_modules/bootstrap": {
      "version": "5.2.2",
      "resolved": "https://registry.npmjs.org/bootstrap/-/bootstrap-5.2.2.tgz",
      "integrity": "sha512-dEtzMTV71n6Fhmbg4fYJzQsw1N29hJKO1js5ackCgIpDcGid2ETMGC6zwSYw09v05Y+oRdQ9loC54zB1La3hHQ==",
      "dev": true,
      "funding": [
        {
          "type": "github",
          "url": "https://github.com/sponsors/twbs"
        },
        {
          "type": "opencollective",
          "url": "https://opencollective.com/bootstrap"
        }
      ],
      "peerDependencies": {
        "@popperjs/core": "^2.11.6"
      }
    },
    "node_modules/bootstrap-icons": {
      "version": "1.9.1",
      "resolved": "https://registry.npmjs.org/bootstrap-icons/-/bootstrap-icons-1.9.1.tgz",
      "integrity": "sha512-d4ZkO30MIkAhQ2nNRJqKXJVEQorALGbLWTuRxyCTJF96lRIV6imcgMehWGJUiJMJhglN0o2tqLIeDnMdiQEE9g==",
      "dev": true
    },
    "node_modules/braces": {
      "version": "3.0.2",
      "resolved": "https://registry.npmjs.org/braces/-/braces-3.0.2.tgz",
      "integrity": "sha512-b8um+L1RzM3WDSzvhm6gIz1yfTbBt6YTlcEKAvsmqCZZFw46z626lVj9j1yEPW33H5H+lBQpZMP1k8l+78Ha0A==",
      "dev": true,
      "dependencies": {
        "fill-range": "^7.0.1"
      },
      "engines": {
        "node": ">=8"
      }
    },
    "node_modules/chokidar": {
      "version": "3.5.3",
      "resolved": "https://registry.npmjs.org/chokidar/-/chokidar-3.5.3.tgz",
      "integrity": "sha512-Dr3sfKRP6oTcjf2JmUmFJfeVMvXBdegxB0iVQ5eb2V10uFJUCAS8OByZdVAyVb8xXNz3GjjTgj9kLWsZTqE6kw==",
      "dev": true,
      "funding": [
        {
          "type": "individual",
          "url": "https://paulmillr.com/funding/"
        }
      ],
      "dependencies": {
        "anymatch": "~3.1.2",
        "braces": "~3.0.2",
        "glob-parent": "~5.1.2",
        "is-binary-path": "~2.1.0",
        "is-glob": "~4.0.1",
        "normalize-path": "~3.0.0",
        "readdirp": "~3.6.0"
      },
      "engines": {
        "node": ">= 8.10.0"
      },
      "optionalDependencies": {
        "fsevents": "~2.3.2"
      }
    },
    "node_modules/entities": {
      "version": "3.0.1",
      "resolved": "https://registry.npmjs.org/entities/-/entities-3.0.1.tgz",
      "integrity": "sha512-WiyBqoomrwMdFG1e0kqvASYfnlb0lp8M5o5Fw2OFq1hNZxxcNk8Ik0Xm7LxzBhuidnZB/UtBqVCgUz3kBOP51Q==",
      "dev": true,
      "engines": {
        "node": ">=0.12"
      },
      "funding": {
        "url": "https://github.com/fb55/entities?sponsor=1"
      }
    },
    "node_modules/fill-range": {
      "version": "7.0.1",
      "resolved": "https://registry.npmjs.org/fill-range/-/fill-range-7.0.1.tgz",
      "integrity": "sha512-qOo9F+dMUmC2Lcb4BbVvnKJxTPjCm+RRpe4gDuGrzkL7mEVl/djYSu2OdQ2Pa302N4oqkSg9ir6jaLWJ2USVpQ==",
      "dev": true,
      "dependencies": {
        "to-regex-range": "^5.0.1"
      },
      "engines": {
        "node": ">=8"
      }
    },
    "node_modules/fsevents": {
      "version": "2.3.2",
      "resolved": "https://registry.npmjs.org/fsevents/-/fsevents-2.3.2.tgz",
      "integrity": "sha512-xiqMQR4xAeHTuB9uWm+fFRcIOgKBMiOBP+eXiyT7jsgVCq1bkVygt00oASowB7EdtpOHaaPgKt812P9ab+DDKA==",
      "dev": true,
      "hasInstallScript": true,
      "optional": true,
      "os": [
        "darwin"
      ],
      "engines": {
        "node": "^8.16.0 || ^10.6.0 || >=11.0.0"
      }
    },
    "node_modules/ga-lite": {
      "version": "2.1.6",
      "resolved": "https://registry.npmjs.org/ga-lite/-/ga-lite-2.1.6.tgz",
      "integrity": "sha512-zhRorLrhoXl2wIAq13rIdPEQN6uu1SpQG/sGgsRPMDKWXmj7ZpMzP/6k/OtCtGJiJlsZZl/sqoalybkZ9r7cYQ==",
      "dev": true
    },
    "node_modules/glob-parent": {
      "version": "5.1.2",
      "resolved": "https://registry.npmjs.org/glob-parent/-/glob-parent-5.1.2.tgz",
      "integrity": "sha512-AOIgSQCepiJYwP3ARnGx+5VnTu2HBYdzbGP45eLw1vr3zB3vZLeyed1sC9hnbcOc9/SrMyM5RPQrkGz4aS9Zow==",
      "dev": true,
      "dependencies": {
        "is-glob": "^4.0.1"
      },
      "engines": {
        "node": ">= 6"
      }
    },
    "node_modules/highlight.js": {
      "version": "11.6.0",
      "resolved": "https://registry.npmjs.org/highlight.js/-/highlight.js-11.6.0.tgz",
      "integrity": "sha512-ig1eqDzJaB0pqEvlPVIpSSyMaO92bH1N2rJpLMN/nX396wTpDA4Eq0uK+7I/2XG17pFaaKE0kjV/XPeGt7Evjw==",
      "dev": true,
      "peer": true,
      "engines": {
        "node": ">=12.0.0"
      }
    },
    "node_modules/immutable": {
      "version": "4.1.0",
      "resolved": "https://registry.npmjs.org/immutable/-/immutable-4.1.0.tgz",
      "integrity": "sha512-oNkuqVTA8jqG1Q6c+UglTOD1xhC1BtjKI7XkCXRkZHrN5m18/XsnUp8Q89GkQO/z+0WjonSvl0FLhDYftp46nQ==",
      "dev": true
    },
    "node_modules/is-binary-path": {
      "version": "2.1.0",
      "resolved": "https://registry.npmjs.org/is-binary-path/-/is-binary-path-2.1.0.tgz",
      "integrity": "sha512-ZMERYes6pDydyuGidse7OsHxtbI7WVeUEozgR/g7rd0xUimYNlvZRE/K2MgZTjWy725IfelLeVcEM97mmtRGXw==",
      "dev": true,
      "dependencies": {
        "binary-extensions": "^2.0.0"
      },
      "engines": {
        "node": ">=8"
      }
    },
    "node_modules/is-extglob": {
      "version": "2.1.1",
      "resolved": "https://registry.npmjs.org/is-extglob/-/is-extglob-2.1.1.tgz",
      "integrity": "sha512-SbKbANkN603Vi4jEZv49LeVJMn4yGwsbzZworEoyEiutsN3nJYdbO36zfhGJ6QEDpOZIFkDtnq5JRxmvl3jsoQ==",
      "dev": true,
      "engines": {
        "node": ">=0.10.0"
      }
    },
    "node_modules/is-glob": {
      "version": "4.0.3",
      "resolved": "https://registry.npmjs.org/is-glob/-/is-glob-4.0.3.tgz",
      "integrity": "sha512-xelSayHH36ZgE7ZWhli7pW34hNbNl8Ojv5KVmkJD4hBdD3th8Tfk9vYasLM+mXWOZhFkgZfxhLSnrwRr4elSSg==",
      "dev": true,
      "dependencies": {
        "is-extglob": "^2.1.1"
      },
      "engines": {
        "node": ">=0.10.0"
      }
    },
    "node_modules/is-number": {
      "version": "7.0.0",
      "resolved": "https://registry.npmjs.org/is-number/-/is-number-7.0.0.tgz",
      "integrity": "sha512-41Cifkg6e8TylSpdtTpeLVMqvSBEVzTttHvERD741+pnZ8ANv0004MRL43QKPDlK9cGvNp6NZWZUBlbGXYxxng==",
      "dev": true,
      "engines": {
        "node": ">=0.12.0"
      }
    },
    "node_modules/linkify-it": {
      "version": "4.0.1",
      "resolved": "https://registry.npmjs.org/linkify-it/-/linkify-it-4.0.1.tgz",
      "integrity": "sha512-C7bfi1UZmoj8+PQx22XyeXCuBlokoyWQL5pWSP+EI6nzRylyThouddufc2c1NDIcP9k5agmN9fLpA7VNJfIiqw==",
      "dev": true,
      "dependencies": {
        "uc.micro": "^1.0.1"
      }
    },
    "node_modules/markdown-it": {
      "version": "13.0.1",
      "resolved": "https://registry.npmjs.org/markdown-it/-/markdown-it-13.0.1.tgz",
      "integrity": "sha512-lTlxriVoy2criHP0JKRhO2VDG9c2ypWCsT237eDiLqi09rmbKoUetyGHq2uOIRoRS//kfoJckS0eUzzkDR+k2Q==",
      "dev": true,
      "dependencies": {
        "argparse": "^2.0.1",
        "entities": "~3.0.1",
        "linkify-it": "^4.0.1",
        "mdurl": "^1.0.1",
        "uc.micro": "^1.0.5"
      },
      "bin": {
        "markdown-it": "bin/markdown-it.js"
      }
    },
    "node_modules/mdurl": {
      "version": "1.0.1",
      "resolved": "https://registry.npmjs.org/mdurl/-/mdurl-1.0.1.tgz",
      "integrity": "sha512-/sKlQJCBYVY9Ers9hqzKou4H6V5UWc/M59TH2dvkt+84itfnq7uFOMLpOiOS4ujvHP4etln18fmIxA5R5fll0g==",
      "dev": true
    },
    "node_modules/normalize-path": {
      "version": "3.0.0",
      "resolved": "https://registry.npmjs.org/normalize-path/-/normalize-path-3.0.0.tgz",
      "integrity": "sha512-6eZs5Ls3WtCisHWp9S2GUy8dqkpGi4BVSz3GaqiE6ezub0512ESztXUwUB6C6IKbQkY2Pnb/mD4WYojCRwcwLA==",
      "dev": true,
      "engines": {
        "node": ">=0.10.0"
      }
    },
    "node_modules/orderedmap": {
      "version": "2.1.0",
      "resolved": "https://registry.npmjs.org/orderedmap/-/orderedmap-2.1.0.tgz",
      "integrity": "sha512-/pIFexOm6S70EPdznemIz3BQZoJ4VTFrhqzu0ACBqBgeLsLxq8e6Jim63ImIfwW/zAD1AlXpRMlOv3aghmo4dA==",
      "dev": true
    },
    "node_modules/picomatch": {
      "version": "2.3.1",
      "resolved": "https://registry.npmjs.org/picomatch/-/picomatch-2.3.1.tgz",
      "integrity": "sha512-JU3teHTNjmE2VCGFzuY8EXzCDVwEqB2a8fsIvwaStHhAWJEeVd1o1QD80CU6+ZdEXXSLbSsuLwJjkCBWqRQUVA==",
      "dev": true,
      "engines": {
        "node": ">=8.6"
      },
      "funding": {
        "url": "https://github.com/sponsors/jonschlinkert"
      }
    },
    "node_modules/prosemirror-commands": {
      "version": "1.3.1",
      "resolved": "https://registry.npmjs.org/prosemirror-commands/-/prosemirror-commands-1.3.1.tgz",
      "integrity": "sha512-XTporPgoECkOQACVw0JTe3RZGi+fls3/byqt+tXwGTkD7qLuB4KdVrJamDMJf4kfKga3uB8hZ+kUUyZ5oWpnfg==",
      "dev": true,
      "dependencies": {
        "prosemirror-model": "^1.0.0",
        "prosemirror-state": "^1.0.0",
        "prosemirror-transform": "^1.0.0"
      }
    },
    "node_modules/prosemirror-highlightjs": {
      "version": "0.9.1",
      "resolved": "https://registry.npmjs.org/prosemirror-highlightjs/-/prosemirror-highlightjs-0.9.1.tgz",
      "integrity": "sha512-aqcXUCM4Dbc+0DoORrmF4MWrdIJuaJKUpZvzi1xy0HEx06J5vTlnwR25xCUIbxD3ilOtkabB36QqY3WQ03OuzQ==",
      "dev": true,
      "peerDependencies": {
        "highlight.js": "^11.6.0",
        "prosemirror-model": "^1.18.1",
        "prosemirror-state": "^1.4.1",
        "prosemirror-view": "^1.26.5"
      }
    },
    "node_modules/prosemirror-history": {
      "version": "1.3.0",
      "resolved": "https://registry.npmjs.org/prosemirror-history/-/prosemirror-history-1.3.0.tgz",
      "integrity": "sha512-qo/9Wn4B/Bq89/YD+eNWFbAytu6dmIM85EhID+fz9Jcl9+DfGEo8TTSrRhP15+fFEoaPqpHSxlvSzSEbmlxlUA==",
      "dev": true,
      "dependencies": {
        "prosemirror-state": "^1.2.2",
        "prosemirror-transform": "^1.0.0",
        "rope-sequence": "^1.3.0"
      }
    },
    "node_modules/prosemirror-inputrules": {
      "version": "1.2.0",
      "resolved": "https://registry.npmjs.org/prosemirror-inputrules/-/prosemirror-inputrules-1.2.0.tgz",
      "integrity": "sha512-eAW/M/NTSSzpCOxfR8Abw6OagdG0MiDAiWHQMQveIsZtoKVYzm0AflSPq/ymqJd56/Su1YPbwy9lM13wgHOFmQ==",
      "dev": true,
      "dependencies": {
        "prosemirror-state": "^1.0.0",
        "prosemirror-transform": "^1.0.0"
      }
    },
    "node_modules/prosemirror-keymap": {
      "version": "1.2.0",
      "resolved": "https://registry.npmjs.org/prosemirror-keymap/-/prosemirror-keymap-1.2.0.tgz",
      "integrity": "sha512-TdSfu+YyLDd54ufN/ZeD1VtBRYpgZnTPnnbY+4R08DDgs84KrIPEPbJL8t1Lm2dkljFx6xeBE26YWH3aIzkPKg==",
      "dev": true,
      "dependencies": {
        "prosemirror-state": "^1.0.0",
        "w3c-keyname": "^2.2.0"
      }
    },
    "node_modules/prosemirror-lezer": {
      "version": "0.0.5",
      "resolved": "https://registry.npmjs.org/prosemirror-lezer/-/prosemirror-lezer-0.0.5.tgz",
      "integrity": "sha512-a+uJ0Pz4lcuj8BLAwXi+jof8ZkKcbaOwkRG8nHC7NBPFO/v7WW/Gz+aaMTFNYTP5T1/r7C/nLvBHJirtk/KiYw==",
      "dev": true,
      "peerDependencies": {
        "@lezer/common": "^1.0.0",
        "@lezer/highlight": "^1.0.0",
        "prosemirror-model": "^1.18.1",
        "prosemirror-state": "^1.4.1",
        "prosemirror-view": "^1.26.5"
      }
    },
    "node_modules/prosemirror-markdown": {
      "version": "1.9.4",
      "resolved": "https://registry.npmjs.org/prosemirror-markdown/-/prosemirror-markdown-1.9.4.tgz",
      "integrity": "sha512-NG/0KmHeyjvIQSqRQHORCxFi7q0jt2YkcqmlVLo2VuAah7UdfnAzE/AoULKrhne8o+ULQgy2IrTQtaPut9uP7w==",
      "dev": true,
      "dependencies": {
        "markdown-it": "^13.0.1",
        "prosemirror-model": "^1.0.0"
      }
    },
    "node_modules/prosemirror-model": {
      "version": "1.18.1",
      "resolved": "https://registry.npmjs.org/prosemirror-model/-/prosemirror-model-1.18.1.tgz",
      "integrity": "sha512-IxSVBKAEMjD7s3n8cgtwMlxAXZrC7Mlag7zYsAKDndAqnDScvSmp/UdnRTV/B33lTCVU3CCm7dyAn/rVVD0mcw==",
      "dev": true,
      "dependencies": {
        "orderedmap": "^2.0.0"
      }
    },
    "node_modules/prosemirror-schema-basic": {
      "version": "1.2.0",
      "resolved": "https://registry.npmjs.org/prosemirror-schema-basic/-/prosemirror-schema-basic-1.2.0.tgz",
      "integrity": "sha512-JMN/ammP94ObOUS6cpIy121r0MEDN9V95mAxFVALwC4bbmhpWXGjBGHTA5LHPPdbqZKyR6Jar1Akv4Z5k9CNLw==",
      "dev": true,
      "dependencies": {
        "prosemirror-model": "^1.2.0"
      }
    },
    "node_modules/prosemirror-schema-list": {
      "version": "1.2.2",
      "resolved": "https://registry.npmjs.org/prosemirror-schema-list/-/prosemirror-schema-list-1.2.2.tgz",
      "integrity": "sha512-rd0pqSDp86p0MUMKG903g3I9VmElFkQpkZ2iOd3EOVg1vo5Cst51rAsoE+5IPy0LPXq64eGcCYlW1+JPNxOj2w==",
      "dev": true,
      "dependencies": {
        "prosemirror-model": "^1.0.0",
        "prosemirror-state": "^1.0.0",
        "prosemirror-transform": "^1.0.0"
      }
    },
    "node_modules/prosemirror-state": {
      "version": "1.4.1",
      "resolved": "https://registry.npmjs.org/prosemirror-state/-/prosemirror-state-1.4.1.tgz",
      "integrity": "sha512-U/LBDW2gNmVa07sz/D229XigSdDQ5CLFwVB1Vb32MJbAHHhWe/6pOc721faI17tqw4pZ49i1xfY/jEZ9tbIhPg==",
      "dev": true,
      "dependencies": {
        "prosemirror-model": "^1.0.0",
        "prosemirror-transform": "^1.0.0"
      }
    },
    "node_modules/prosemirror-transform": {
      "version": "1.7.0",
      "resolved": "https://registry.npmjs.org/prosemirror-transform/-/prosemirror-transform-1.7.0.tgz",
      "integrity": "sha512-O4T697Cqilw06Zvc3Wm+e237R6eZtJL/xGMliCi+Uo8VL6qHk6afz1qq0zNjT3eZMuYwnP8ZS0+YxX/tfcE9TQ==",
      "dev": true,
      "dependencies": {
        "prosemirror-model": "^1.0.0"
      }
    },
    "node_modules/prosemirror-view": {
      "version": "1.28.3",
      "resolved": "https://registry.npmjs.org/prosemirror-view/-/prosemirror-view-1.28.3.tgz",
      "integrity": "sha512-YnJxLRzIaCNEt3VKiy+PBxtpwsCbjrfiBKIgHJeqbKhdeP8bU2qL4ngdGmxp9K4+06cZG5bE9vipuhP+KUl+BQ==",
      "dev": true,
      "dependencies": {
        "prosemirror-model": "^1.16.0",
        "prosemirror-state": "^1.0.0",
        "prosemirror-transform": "^1.1.0"
      }
    },
    "node_modules/readdirp": {
      "version": "3.6.0",
      "resolved": "https://registry.npmjs.org/readdirp/-/readdirp-3.6.0.tgz",
      "integrity": "sha512-hOS089on8RduqdbhvQ5Z37A0ESjsqz6qnRcffsMU3495FuTdqSm+7bhJ29JvIOsBDEEnan5DPu9t3To9VRlMzA==",
      "dev": true,
      "dependencies": {
        "picomatch": "^2.2.1"
      },
      "engines": {
        "node": ">=8.10.0"
      }
    },
    "node_modules/rope-sequence": {
      "version": "1.3.3",
      "resolved": "https://registry.npmjs.org/rope-sequence/-/rope-sequence-1.3.3.tgz",
      "integrity": "sha512-85aZYCxweiD5J8yTEbw+E6A27zSnLPNDL0WfPdw3YYodq7WjnTKo0q4dtyQ2gz23iPT8Q9CUyJtAaUNcTxRf5Q==",
      "dev": true
    },
    "node_modules/sass": {
      "version": "1.55.0",
      "resolved": "https://registry.npmjs.org/sass/-/sass-1.55.0.tgz",
      "integrity": "sha512-Pk+PMy7OGLs9WaxZGJMn7S96dvlyVBwwtToX895WmCpAOr5YiJYEUJfiJidMuKb613z2xNWcXCHEuOvjZbqC6A==",
      "dev": true,
      "dependencies": {
        "chokidar": ">=3.0.0 <4.0.0",
        "immutable": "^4.0.0",
        "source-map-js": ">=0.6.2 <2.0.0"
      },
      "bin": {
        "sass": "sass.js"
      },
      "engines": {
        "node": ">=12.0.0"
      }
    },
    "node_modules/source-map-js": {
      "version": "1.0.2",
      "resolved": "https://registry.npmjs.org/source-map-js/-/source-map-js-1.0.2.tgz",
      "integrity": "sha512-R0XvVJ9WusLiqTCEiGCmICCMplcCkIwwR11mOSD9CR5u+IXYdiseeEuXCVAjS54zqwkLcPNnmU4OeJ6tUrWhDw==",
      "dev": true,
      "engines": {
        "node": ">=0.10.0"
      }
    },
    "node_modules/stimulus": {
      "version": "2.0.0",
      "resolved": "https://registry.npmjs.org/stimulus/-/stimulus-2.0.0.tgz",
      "integrity": "sha512-xipy7BS5TVpg4fX6S8LhrYZp7cmHGjmk09WSAiVx1gF5S5g43IWsuetfUhIk8HfHUG+4MQ9nY0FQz4dRFLs/8w==",
      "dev": true,
      "dependencies": {
        "@stimulus/core": "^2.0.0",
        "@stimulus/webpack-helpers": "^2.0.0"
      }
    },
    "node_modules/to-regex-range": {
      "version": "5.0.1",
      "resolved": "https://registry.npmjs.org/to-regex-range/-/to-regex-range-5.0.1.tgz",
      "integrity": "sha512-65P7iz6X5yEr1cwcgvQxbbIw7Uk3gOy5dIdtZ4rDveLqhrdJP+Li/Hx6tyK0NEb+2GCyneCMJiGqrADCSNk8sQ==",
      "dev": true,
      "dependencies": {
        "is-number": "^7.0.0"
      },
      "engines": {
        "node": ">=8.0"
      }
    },
    "node_modules/uc.micro": {
      "version": "1.0.6",
      "resolved": "https://registry.npmjs.org/uc.micro/-/uc.micro-1.0.6.tgz",
      "integrity": "sha512-8Y75pvTYkLJW2hWQHXxoqRgV7qb9B+9vFEtidML+7koHUFapnVJAZ6cKs+Qjz5Aw3aZWHMC6u0wJE3At+nSGwA==",
      "dev": true
    },
    "node_modules/uglify-js": {
      "version": "3.17.3",
      "resolved": "https://registry.npmjs.org/uglify-js/-/uglify-js-3.17.3.tgz",
      "integrity": "sha512-JmMFDME3iufZnBpyKL+uS78LRiC+mK55zWfM5f/pWBJfpOttXAqYfdDGRukYhJuyRinvPVAtUhvy7rlDybNtFg==",
      "dev": true,
      "bin": {
        "uglifyjs": "bin/uglifyjs"
      },
      "engines": {
        "node": ">=0.8.0"
      }
    },
    "node_modules/uglifycss": {
      "version": "0.0.29",
      "resolved": "https://registry.npmjs.org/uglifycss/-/uglifycss-0.0.29.tgz",
      "integrity": "sha512-J2SQ2QLjiknNGbNdScaNZsXgmMGI0kYNrXaDlr4obnPW9ni1jljb1NeEVWAiTgZ8z+EBWP2ozfT9vpy03rjlMQ==",
      "dev": true,
      "bin": {
        "uglifycss": "uglifycss"
      },
      "engines": {
        "node": ">=6.4.0"
      }
    },
    "node_modules/w3c-keyname": {
      "version": "2.2.6",
      "resolved": "https://registry.npmjs.org/w3c-keyname/-/w3c-keyname-2.2.6.tgz",
      "integrity": "sha512-f+fciywl1SJEniZHD6H+kUO8gOnwIr7f4ijKA6+ZvJFjeGi1r4PDLl53Ayud9O/rk64RqgoQine0feoeOU0kXg==",
      "dev": true
    }
  },
  "dependencies": {
    "@highlightjs/cdn-assets": {
      "version": "11.6.0",
      "resolved": "https://registry.npmjs.org/@highlightjs/cdn-assets/-/cdn-assets-11.6.0.tgz",
      "integrity": "sha512-Mod+0LGTetSd0JbLGOHesCP3FLz8T/BOuDitF6stBNmHSLDmds1i4hT02T98Xlj3bGgPCbRsiF2D7i0Nraa+sQ==",
      "dev": true
    },
    "@lezer/common": {
      "version": "1.0.1",
      "resolved": "https://registry.npmjs.org/@lezer/common/-/common-1.0.1.tgz",
      "integrity": "sha512-8TR5++Q/F//tpDsLd5zkrvEX5xxeemafEaek7mUp7Y+bI8cKQXdSqhzTOBaOogETcMOVr0pT3BBPXp13477ciw==",
      "dev": true
    },
    "@lezer/highlight": {
      "version": "1.1.1",
      "resolved": "https://registry.npmjs.org/@lezer/highlight/-/highlight-1.1.1.tgz",
      "integrity": "sha512-duv9D23O9ghEDnnUDmxu+L8pJy4nYo4AbCOHIudUhscrLSazqeJeK1V50EU6ZufWF1zv0KJwu/frFRyZWXxHBQ==",
      "dev": true,
      "requires": {
        "@lezer/common": "^1.0.0"
      }
    },
    "@lezer/markdown": {
      "version": "1.0.2",
      "resolved": "https://registry.npmjs.org/@lezer/markdown/-/markdown-1.0.2.tgz",
      "integrity": "sha512-8CY0OoZ6V5EzPjSPeJ4KLVbtXdLBd8V6sRCooN5kHnO28ytreEGTyrtU/zUwo/XLRzGr/e1g44KlzKi3yWGB5A==",
      "dev": true,
      "requires": {
        "@lezer/common": "^1.0.0",
        "@lezer/highlight": "^1.0.0"
      }
    },
    "@popperjs/core": {
      "version": "2.11.6",
      "resolved": "https://registry.npmjs.org/@popperjs/core/-/core-2.11.6.tgz",
      "integrity": "sha512-50/17A98tWUfQ176raKiOGXuYpLyyVMkxxG6oylzL3BPOlA6ADGdK7EYunSa4I064xerltq9TGXs8HmOk5E+vw==",
      "dev": true
    },
    "@stackoverflow/stacks": {
      "version": "1.3.6",
      "resolved": "https://registry.npmjs.org/@stackoverflow/stacks/-/stacks-1.3.6.tgz",
      "integrity": "sha512-uRo6bt5WtYv6lryb4CZdU3fTd7SzYvO2MSoHfrWaRlw1z3mtiAgyUmA+qxY492nNeCz4l7x5V7KblRAwACa7Lg==",
      "dev": true,
      "requires": {
        "@popperjs/core": "^2.11.6",
        "stimulus": "^2.0.0"
      }
    },
    "@stackoverflow/stacks-editor": {
      "version": "0.8.1",
      "resolved": "https://registry.npmjs.org/@stackoverflow/stacks-editor/-/stacks-editor-0.8.1.tgz",
      "integrity": "sha512-fOU93smLB/XEsxkkiXR3gWfa/JjLBUlkArr1sUEuH1BbaD61KUAVQD6DZ9ypD63Yoj1fPjmSuAIZj0vwCjNrog==",
      "dev": true,
      "requires": {
        "@lezer/highlight": "^1.1.1",
        "@lezer/markdown": "^1.0.2",
        "@stackoverflow/stacks": "^1.3.6",
        "@stackoverflow/stacks-icons": "^3.0.5",
        "@types/markdown-it": "12.2.3",
        "markdown-it": "^13.0.1",
        "orderedmap": "^2.1.0",
        "prosemirror-commands": "^1.3.1",
        "prosemirror-highlightjs": "^0.9.1",
        "prosemirror-history": "^1.3.0",
        "prosemirror-inputrules": "^1.2.0",
        "prosemirror-keymap": "^1.2.0",
        "prosemirror-lezer": "^0.0.5",
        "prosemirror-markdown": "^1.9.4",
        "prosemirror-model": "^1.18.1",
        "prosemirror-schema-basic": "^1.2.0",
        "prosemirror-schema-list": "^1.2.2",
        "prosemirror-state": "^1.4.1",
        "prosemirror-transform": "^1.7.0",
        "prosemirror-view": "^1.28.2"
      }
    },
    "@stackoverflow/stacks-icons": {
      "version": "3.0.5",
      "resolved": "https://registry.npmjs.org/@stackoverflow/stacks-icons/-/stacks-icons-3.0.5.tgz",
      "integrity": "sha512-FkugwKMwQjfYJPVBnTk9d6SQvNawvPwruCKZjSImyjyqMfswD8HBrXN+EisZCLuyQ+OKPoBVBHImZkciIph9iw==",
      "dev": true
    },
    "@stimulus/core": {
      "version": "2.0.0",
      "resolved": "https://registry.npmjs.org/@stimulus/core/-/core-2.0.0.tgz",
      "integrity": "sha512-ff70GafKtzc8zQ1/cG+UvL06GcifPWovf2wBEdjLMh9xO2GOYURO3y2RYgzIGYUIBefQwyfX2CLfJdZFJrEPTw==",
      "dev": true,
      "requires": {
        "@stimulus/mutation-observers": "^2.0.0"
      }
    },
    "@stimulus/multimap": {
      "version": "2.0.0",
      "resolved": "https://registry.npmjs.org/@stimulus/multimap/-/multimap-2.0.0.tgz",
      "integrity": "sha512-pMBCewkZCFVB3e5mEMoyO9+9aKzHDITmf3OnPun51YWxlcPdHcwbjqm1ylK63fsoduIE+RowBpFwFqd3poEz4w==",
      "dev": true
    },
    "@stimulus/mutation-observers": {
      "version": "2.0.0",
      "resolved": "https://registry.npmjs.org/@stimulus/mutation-observers/-/mutation-observers-2.0.0.tgz",
      "integrity": "sha512-kx4VAJdPhIGBQKGIoUDC2tupEKorG3A+ckc2b1UiwInKTMAC1axOHU8ebcwhaJIxRqIrs8//4SJo9YAAOx6FEg==",
      "dev": true,
      "requires": {
        "@stimulus/multimap": "^2.0.0"
      }
    },
    "@stimulus/webpack-helpers": {
      "version": "2.0.0",
      "resolved": "https://registry.npmjs.org/@stimulus/webpack-helpers/-/webpack-helpers-2.0.0.tgz",
      "integrity": "sha512-D6tJWsAC024MwGEIKlUVYU8Ln87mlrmiwHvYAjipg+s8H4eLxUMQ3PZkWyPevfipH+oR3leuHsjYsK1gN5ViQA==",
      "dev": true
    },
    "@types/linkify-it": {
      "version": "3.0.2",
      "resolved": "https://registry.npmjs.org/@types/linkify-it/-/linkify-it-3.0.2.tgz",
      "integrity": "sha512-HZQYqbiFVWufzCwexrvh694SOim8z2d+xJl5UNamcvQFejLY/2YUtzXHYi3cHdI7PMlS8ejH2slRAOJQ32aNbA==",
      "dev": true
    },
    "@types/markdown-it": {
      "version": "12.2.3",
      "resolved": "https://registry.npmjs.org/@types/markdown-it/-/markdown-it-12.2.3.tgz",
      "integrity": "sha512-GKMHFfv3458yYy+v/N8gjufHO6MSZKCOXpZc5GXIWWy8uldwfmPn98vp81gZ5f9SVw8YYBctgfJ22a2d7AOMeQ==",
      "dev": true,
      "requires": {
        "@types/linkify-it": "*",
        "@types/mdurl": "*"
      }
    },
    "@types/mdurl": {
      "version": "1.0.2",
      "resolved": "https://registry.npmjs.org/@types/mdurl/-/mdurl-1.0.2.tgz",
      "integrity": "sha512-eC4U9MlIcu2q0KQmXszyn5Akca/0jrQmwDRgpAMJai7qBWq4amIQhZyNau4VYGtCeALvW1/NtjzJJ567aZxfKA==",
      "dev": true
    },
    "anchor-js": {
      "version": "4.3.1",
      "resolved": "https://registry.npmjs.org/anchor-js/-/anchor-js-4.3.1.tgz",
      "integrity": "sha512-TziERoibspey7KSm95oIdzTxiogXonJl7inQI07Y3cI25DKQaLkUftB7RhCuSb1GcwunHL6/PcIKM4dDUb9xYQ==",
      "dev": true
    },
    "anymatch": {
      "version": "3.1.2",
      "resolved": "https://registry.npmjs.org/anymatch/-/anymatch-3.1.2.tgz",
      "integrity": "sha512-P43ePfOAIupkguHUycrc4qJ9kz8ZiuOUijaETwX7THt0Y/GNK7v0aa8rY816xWjZ7rJdA5XdMcpVFTKMq+RvWg==",
      "dev": true,
      "requires": {
        "normalize-path": "^3.0.0",
        "picomatch": "^2.0.4"
      }
    },
    "argparse": {
      "version": "2.0.1",
      "resolved": "https://registry.npmjs.org/argparse/-/argparse-2.0.1.tgz",
      "integrity": "sha512-8+9WqebbFzpX9OR+Wa6O29asIogeRMzcGtAINdpMHHyAg10f05aSFVBbcEqGf/PXw1EjAZ+q2/bEBg3DvurK3Q==",
      "dev": true
    },
    "binary-extensions": {
      "version": "2.2.0",
      "resolved": "https://registry.npmjs.org/binary-extensions/-/binary-extensions-2.2.0.tgz",
      "integrity": "sha512-jDctJ/IVQbZoJykoeHbhXpOlNBqGNcwXJKJog42E5HDPUwQTSdjCHdihjj0DlnheQ7blbT6dHOafNAiS8ooQKA==",
      "dev": true
    },
    "bootstrap": {
      "version": "5.2.2",
      "resolved": "https://registry.npmjs.org/bootstrap/-/bootstrap-5.2.2.tgz",
      "integrity": "sha512-dEtzMTV71n6Fhmbg4fYJzQsw1N29hJKO1js5ackCgIpDcGid2ETMGC6zwSYw09v05Y+oRdQ9loC54zB1La3hHQ==",
      "dev": true,
      "requires": {}
    },
    "bootstrap-icons": {
      "version": "1.9.1",
      "resolved": "https://registry.npmjs.org/bootstrap-icons/-/bootstrap-icons-1.9.1.tgz",
      "integrity": "sha512-d4ZkO30MIkAhQ2nNRJqKXJVEQorALGbLWTuRxyCTJF96lRIV6imcgMehWGJUiJMJhglN0o2tqLIeDnMdiQEE9g==",
      "dev": true
    },
    "braces": {
      "version": "3.0.2",
      "resolved": "https://registry.npmjs.org/braces/-/braces-3.0.2.tgz",
      "integrity": "sha512-b8um+L1RzM3WDSzvhm6gIz1yfTbBt6YTlcEKAvsmqCZZFw46z626lVj9j1yEPW33H5H+lBQpZMP1k8l+78Ha0A==",
      "dev": true,
      "requires": {
        "fill-range": "^7.0.1"
      }
    },
    "chokidar": {
      "version": "3.5.3",
      "resolved": "https://registry.npmjs.org/chokidar/-/chokidar-3.5.3.tgz",
      "integrity": "sha512-Dr3sfKRP6oTcjf2JmUmFJfeVMvXBdegxB0iVQ5eb2V10uFJUCAS8OByZdVAyVb8xXNz3GjjTgj9kLWsZTqE6kw==",
      "dev": true,
      "requires": {
        "anymatch": "~3.1.2",
        "braces": "~3.0.2",
        "fsevents": "~2.3.2",
        "glob-parent": "~5.1.2",
        "is-binary-path": "~2.1.0",
        "is-glob": "~4.0.1",
        "normalize-path": "~3.0.0",
        "readdirp": "~3.6.0"
      }
    },
    "entities": {
      "version": "3.0.1",
      "resolved": "https://registry.npmjs.org/entities/-/entities-3.0.1.tgz",
      "integrity": "sha512-WiyBqoomrwMdFG1e0kqvASYfnlb0lp8M5o5Fw2OFq1hNZxxcNk8Ik0Xm7LxzBhuidnZB/UtBqVCgUz3kBOP51Q==",
      "dev": true
    },
    "fill-range": {
      "version": "7.0.1",
      "resolved": "https://registry.npmjs.org/fill-range/-/fill-range-7.0.1.tgz",
      "integrity": "sha512-qOo9F+dMUmC2Lcb4BbVvnKJxTPjCm+RRpe4gDuGrzkL7mEVl/djYSu2OdQ2Pa302N4oqkSg9ir6jaLWJ2USVpQ==",
      "dev": true,
      "requires": {
        "to-regex-range": "^5.0.1"
      }
    },
    "fsevents": {
      "version": "2.3.2",
      "resolved": "https://registry.npmjs.org/fsevents/-/fsevents-2.3.2.tgz",
      "integrity": "sha512-xiqMQR4xAeHTuB9uWm+fFRcIOgKBMiOBP+eXiyT7jsgVCq1bkVygt00oASowB7EdtpOHaaPgKt812P9ab+DDKA==",
      "dev": true,
      "optional": true
    },
    "ga-lite": {
      "version": "2.1.6",
      "resolved": "https://registry.npmjs.org/ga-lite/-/ga-lite-2.1.6.tgz",
      "integrity": "sha512-zhRorLrhoXl2wIAq13rIdPEQN6uu1SpQG/sGgsRPMDKWXmj7ZpMzP/6k/OtCtGJiJlsZZl/sqoalybkZ9r7cYQ==",
      "dev": true
    },
    "glob-parent": {
      "version": "5.1.2",
      "resolved": "https://registry.npmjs.org/glob-parent/-/glob-parent-5.1.2.tgz",
      "integrity": "sha512-AOIgSQCepiJYwP3ARnGx+5VnTu2HBYdzbGP45eLw1vr3zB3vZLeyed1sC9hnbcOc9/SrMyM5RPQrkGz4aS9Zow==",
      "dev": true,
      "requires": {
        "is-glob": "^4.0.1"
      }
    },
    "highlight.js": {
      "version": "11.6.0",
      "resolved": "https://registry.npmjs.org/highlight.js/-/highlight.js-11.6.0.tgz",
      "integrity": "sha512-ig1eqDzJaB0pqEvlPVIpSSyMaO92bH1N2rJpLMN/nX396wTpDA4Eq0uK+7I/2XG17pFaaKE0kjV/XPeGt7Evjw==",
      "dev": true,
      "peer": true
    },
    "immutable": {
      "version": "4.1.0",
      "resolved": "https://registry.npmjs.org/immutable/-/immutable-4.1.0.tgz",
      "integrity": "sha512-oNkuqVTA8jqG1Q6c+UglTOD1xhC1BtjKI7XkCXRkZHrN5m18/XsnUp8Q89GkQO/z+0WjonSvl0FLhDYftp46nQ==",
      "dev": true
    },
    "is-binary-path": {
      "version": "2.1.0",
      "resolved": "https://registry.npmjs.org/is-binary-path/-/is-binary-path-2.1.0.tgz",
      "integrity": "sha512-ZMERYes6pDydyuGidse7OsHxtbI7WVeUEozgR/g7rd0xUimYNlvZRE/K2MgZTjWy725IfelLeVcEM97mmtRGXw==",
      "dev": true,
      "requires": {
        "binary-extensions": "^2.0.0"
      }
    },
    "is-extglob": {
      "version": "2.1.1",
      "resolved": "https://registry.npmjs.org/is-extglob/-/is-extglob-2.1.1.tgz",
      "integrity": "sha512-SbKbANkN603Vi4jEZv49LeVJMn4yGwsbzZworEoyEiutsN3nJYdbO36zfhGJ6QEDpOZIFkDtnq5JRxmvl3jsoQ==",
      "dev": true
    },
    "is-glob": {
      "version": "4.0.3",
      "resolved": "https://registry.npmjs.org/is-glob/-/is-glob-4.0.3.tgz",
      "integrity": "sha512-xelSayHH36ZgE7ZWhli7pW34hNbNl8Ojv5KVmkJD4hBdD3th8Tfk9vYasLM+mXWOZhFkgZfxhLSnrwRr4elSSg==",
      "dev": true,
      "requires": {
        "is-extglob": "^2.1.1"
      }
    },
    "is-number": {
      "version": "7.0.0",
      "resolved": "https://registry.npmjs.org/is-number/-/is-number-7.0.0.tgz",
      "integrity": "sha512-41Cifkg6e8TylSpdtTpeLVMqvSBEVzTttHvERD741+pnZ8ANv0004MRL43QKPDlK9cGvNp6NZWZUBlbGXYxxng==",
      "dev": true
    },
    "linkify-it": {
      "version": "4.0.1",
      "resolved": "https://registry.npmjs.org/linkify-it/-/linkify-it-4.0.1.tgz",
      "integrity": "sha512-C7bfi1UZmoj8+PQx22XyeXCuBlokoyWQL5pWSP+EI6nzRylyThouddufc2c1NDIcP9k5agmN9fLpA7VNJfIiqw==",
      "dev": true,
      "requires": {
        "uc.micro": "^1.0.1"
      }
    },
    "markdown-it": {
      "version": "13.0.1",
      "resolved": "https://registry.npmjs.org/markdown-it/-/markdown-it-13.0.1.tgz",
      "integrity": "sha512-lTlxriVoy2criHP0JKRhO2VDG9c2ypWCsT237eDiLqi09rmbKoUetyGHq2uOIRoRS//kfoJckS0eUzzkDR+k2Q==",
      "dev": true,
      "requires": {
        "argparse": "^2.0.1",
        "entities": "~3.0.1",
        "linkify-it": "^4.0.1",
        "mdurl": "^1.0.1",
        "uc.micro": "^1.0.5"
      }
    },
    "mdurl": {
      "version": "1.0.1",
      "resolved": "https://registry.npmjs.org/mdurl/-/mdurl-1.0.1.tgz",
      "integrity": "sha512-/sKlQJCBYVY9Ers9hqzKou4H6V5UWc/M59TH2dvkt+84itfnq7uFOMLpOiOS4ujvHP4etln18fmIxA5R5fll0g==",
      "dev": true
    },
    "normalize-path": {
      "version": "3.0.0",
      "resolved": "https://registry.npmjs.org/normalize-path/-/normalize-path-3.0.0.tgz",
      "integrity": "sha512-6eZs5Ls3WtCisHWp9S2GUy8dqkpGi4BVSz3GaqiE6ezub0512ESztXUwUB6C6IKbQkY2Pnb/mD4WYojCRwcwLA==",
      "dev": true
    },
    "orderedmap": {
      "version": "2.1.0",
      "resolved": "https://registry.npmjs.org/orderedmap/-/orderedmap-2.1.0.tgz",
      "integrity": "sha512-/pIFexOm6S70EPdznemIz3BQZoJ4VTFrhqzu0ACBqBgeLsLxq8e6Jim63ImIfwW/zAD1AlXpRMlOv3aghmo4dA==",
      "dev": true
    },
    "picomatch": {
      "version": "2.3.1",
      "resolved": "https://registry.npmjs.org/picomatch/-/picomatch-2.3.1.tgz",
      "integrity": "sha512-JU3teHTNjmE2VCGFzuY8EXzCDVwEqB2a8fsIvwaStHhAWJEeVd1o1QD80CU6+ZdEXXSLbSsuLwJjkCBWqRQUVA==",
      "dev": true
    },
    "prosemirror-commands": {
      "version": "1.3.1",
      "resolved": "https://registry.npmjs.org/prosemirror-commands/-/prosemirror-commands-1.3.1.tgz",
      "integrity": "sha512-XTporPgoECkOQACVw0JTe3RZGi+fls3/byqt+tXwGTkD7qLuB4KdVrJamDMJf4kfKga3uB8hZ+kUUyZ5oWpnfg==",
      "dev": true,
      "requires": {
        "prosemirror-model": "^1.0.0",
        "prosemirror-state": "^1.0.0",
        "prosemirror-transform": "^1.0.0"
      }
    },
    "prosemirror-highlightjs": {
      "version": "0.9.1",
      "resolved": "https://registry.npmjs.org/prosemirror-highlightjs/-/prosemirror-highlightjs-0.9.1.tgz",
      "integrity": "sha512-aqcXUCM4Dbc+0DoORrmF4MWrdIJuaJKUpZvzi1xy0HEx06J5vTlnwR25xCUIbxD3ilOtkabB36QqY3WQ03OuzQ==",
      "dev": true,
      "requires": {}
    },
    "prosemirror-history": {
      "version": "1.3.0",
      "resolved": "https://registry.npmjs.org/prosemirror-history/-/prosemirror-history-1.3.0.tgz",
      "integrity": "sha512-qo/9Wn4B/Bq89/YD+eNWFbAytu6dmIM85EhID+fz9Jcl9+DfGEo8TTSrRhP15+fFEoaPqpHSxlvSzSEbmlxlUA==",
      "dev": true,
      "requires": {
        "prosemirror-state": "^1.2.2",
        "prosemirror-transform": "^1.0.0",
        "rope-sequence": "^1.3.0"
      }
    },
    "prosemirror-inputrules": {
      "version": "1.2.0",
      "resolved": "https://registry.npmjs.org/prosemirror-inputrules/-/prosemirror-inputrules-1.2.0.tgz",
      "integrity": "sha512-eAW/M/NTSSzpCOxfR8Abw6OagdG0MiDAiWHQMQveIsZtoKVYzm0AflSPq/ymqJd56/Su1YPbwy9lM13wgHOFmQ==",
      "dev": true,
      "requires": {
        "prosemirror-state": "^1.0.0",
        "prosemirror-transform": "^1.0.0"
      }
    },
    "prosemirror-keymap": {
      "version": "1.2.0",
      "resolved": "https://registry.npmjs.org/prosemirror-keymap/-/prosemirror-keymap-1.2.0.tgz",
      "integrity": "sha512-TdSfu+YyLDd54ufN/ZeD1VtBRYpgZnTPnnbY+4R08DDgs84KrIPEPbJL8t1Lm2dkljFx6xeBE26YWH3aIzkPKg==",
      "dev": true,
      "requires": {
        "prosemirror-state": "^1.0.0",
        "w3c-keyname": "^2.2.0"
      }
    },
    "prosemirror-lezer": {
      "version": "0.0.5",
      "resolved": "https://registry.npmjs.org/prosemirror-lezer/-/prosemirror-lezer-0.0.5.tgz",
      "integrity": "sha512-a+uJ0Pz4lcuj8BLAwXi+jof8ZkKcbaOwkRG8nHC7NBPFO/v7WW/Gz+aaMTFNYTP5T1/r7C/nLvBHJirtk/KiYw==",
      "dev": true,
      "requires": {}
    },
    "prosemirror-markdown": {
      "version": "1.9.4",
      "resolved": "https://registry.npmjs.org/prosemirror-markdown/-/prosemirror-markdown-1.9.4.tgz",
      "integrity": "sha512-NG/0KmHeyjvIQSqRQHORCxFi7q0jt2YkcqmlVLo2VuAah7UdfnAzE/AoULKrhne8o+ULQgy2IrTQtaPut9uP7w==",
      "dev": true,
      "requires": {
        "markdown-it": "^13.0.1",
        "prosemirror-model": "^1.0.0"
      }
    },
    "prosemirror-model": {
      "version": "1.18.1",
      "resolved": "https://registry.npmjs.org/prosemirror-model/-/prosemirror-model-1.18.1.tgz",
      "integrity": "sha512-IxSVBKAEMjD7s3n8cgtwMlxAXZrC7Mlag7zYsAKDndAqnDScvSmp/UdnRTV/B33lTCVU3CCm7dyAn/rVVD0mcw==",
      "dev": true,
      "requires": {
        "orderedmap": "^2.0.0"
      }
    },
    "prosemirror-schema-basic": {
      "version": "1.2.0",
      "resolved": "https://registry.npmjs.org/prosemirror-schema-basic/-/prosemirror-schema-basic-1.2.0.tgz",
      "integrity": "sha512-JMN/ammP94ObOUS6cpIy121r0MEDN9V95mAxFVALwC4bbmhpWXGjBGHTA5LHPPdbqZKyR6Jar1Akv4Z5k9CNLw==",
      "dev": true,
      "requires": {
        "prosemirror-model": "^1.2.0"
      }
    },
    "prosemirror-schema-list": {
      "version": "1.2.2",
      "resolved": "https://registry.npmjs.org/prosemirror-schema-list/-/prosemirror-schema-list-1.2.2.tgz",
      "integrity": "sha512-rd0pqSDp86p0MUMKG903g3I9VmElFkQpkZ2iOd3EOVg1vo5Cst51rAsoE+5IPy0LPXq64eGcCYlW1+JPNxOj2w==",
      "dev": true,
      "requires": {
        "prosemirror-model": "^1.0.0",
        "prosemirror-state": "^1.0.0",
        "prosemirror-transform": "^1.0.0"
      }
    },
    "prosemirror-state": {
      "version": "1.4.1",
      "resolved": "https://registry.npmjs.org/prosemirror-state/-/prosemirror-state-1.4.1.tgz",
      "integrity": "sha512-U/LBDW2gNmVa07sz/D229XigSdDQ5CLFwVB1Vb32MJbAHHhWe/6pOc721faI17tqw4pZ49i1xfY/jEZ9tbIhPg==",
      "dev": true,
      "requires": {
        "prosemirror-model": "^1.0.0",
        "prosemirror-transform": "^1.0.0"
      }
    },
    "prosemirror-transform": {
      "version": "1.7.0",
      "resolved": "https://registry.npmjs.org/prosemirror-transform/-/prosemirror-transform-1.7.0.tgz",
      "integrity": "sha512-O4T697Cqilw06Zvc3Wm+e237R6eZtJL/xGMliCi+Uo8VL6qHk6afz1qq0zNjT3eZMuYwnP8ZS0+YxX/tfcE9TQ==",
      "dev": true,
      "requires": {
        "prosemirror-model": "^1.0.0"
      }
    },
    "prosemirror-view": {
      "version": "1.28.3",
      "resolved": "https://registry.npmjs.org/prosemirror-view/-/prosemirror-view-1.28.3.tgz",
      "integrity": "sha512-YnJxLRzIaCNEt3VKiy+PBxtpwsCbjrfiBKIgHJeqbKhdeP8bU2qL4ngdGmxp9K4+06cZG5bE9vipuhP+KUl+BQ==",
      "dev": true,
      "requires": {
        "prosemirror-model": "^1.16.0",
        "prosemirror-state": "^1.0.0",
        "prosemirror-transform": "^1.1.0"
      }
    },
    "readdirp": {
      "version": "3.6.0",
      "resolved": "https://registry.npmjs.org/readdirp/-/readdirp-3.6.0.tgz",
      "integrity": "sha512-hOS089on8RduqdbhvQ5Z37A0ESjsqz6qnRcffsMU3495FuTdqSm+7bhJ29JvIOsBDEEnan5DPu9t3To9VRlMzA==",
      "dev": true,
      "requires": {
        "picomatch": "^2.2.1"
      }
    },
    "rope-sequence": {
      "version": "1.3.3",
      "resolved": "https://registry.npmjs.org/rope-sequence/-/rope-sequence-1.3.3.tgz",
      "integrity": "sha512-85aZYCxweiD5J8yTEbw+E6A27zSnLPNDL0WfPdw3YYodq7WjnTKo0q4dtyQ2gz23iPT8Q9CUyJtAaUNcTxRf5Q==",
      "dev": true
    },
    "sass": {
      "version": "1.55.0",
      "resolved": "https://registry.npmjs.org/sass/-/sass-1.55.0.tgz",
      "integrity": "sha512-Pk+PMy7OGLs9WaxZGJMn7S96dvlyVBwwtToX895WmCpAOr5YiJYEUJfiJidMuKb613z2xNWcXCHEuOvjZbqC6A==",
      "dev": true,
      "requires": {
        "chokidar": ">=3.0.0 <4.0.0",
        "immutable": "^4.0.0",
        "source-map-js": ">=0.6.2 <2.0.0"
      }
    },
    "source-map-js": {
      "version": "1.0.2",
      "resolved": "https://registry.npmjs.org/source-map-js/-/source-map-js-1.0.2.tgz",
      "integrity": "sha512-R0XvVJ9WusLiqTCEiGCmICCMplcCkIwwR11mOSD9CR5u+IXYdiseeEuXCVAjS54zqwkLcPNnmU4OeJ6tUrWhDw==",
      "dev": true
    },
    "stimulus": {
      "version": "2.0.0",
      "resolved": "https://registry.npmjs.org/stimulus/-/stimulus-2.0.0.tgz",
      "integrity": "sha512-xipy7BS5TVpg4fX6S8LhrYZp7cmHGjmk09WSAiVx1gF5S5g43IWsuetfUhIk8HfHUG+4MQ9nY0FQz4dRFLs/8w==",
      "dev": true,
      "requires": {
        "@stimulus/core": "^2.0.0",
        "@stimulus/webpack-helpers": "^2.0.0"
      }
    },
    "to-regex-range": {
      "version": "5.0.1",
      "resolved": "https://registry.npmjs.org/to-regex-range/-/to-regex-range-5.0.1.tgz",
      "integrity": "sha512-65P7iz6X5yEr1cwcgvQxbbIw7Uk3gOy5dIdtZ4rDveLqhrdJP+Li/Hx6tyK0NEb+2GCyneCMJiGqrADCSNk8sQ==",
      "dev": true,
      "requires": {
        "is-number": "^7.0.0"
      }
    },
    "uc.micro": {
      "version": "1.0.6",
      "resolved": "https://registry.npmjs.org/uc.micro/-/uc.micro-1.0.6.tgz",
      "integrity": "sha512-8Y75pvTYkLJW2hWQHXxoqRgV7qb9B+9vFEtidML+7koHUFapnVJAZ6cKs+Qjz5Aw3aZWHMC6u0wJE3At+nSGwA==",
      "dev": true
    },
    "uglify-js": {
      "version": "3.17.3",
      "resolved": "https://registry.npmjs.org/uglify-js/-/uglify-js-3.17.3.tgz",
      "integrity": "sha512-JmMFDME3iufZnBpyKL+uS78LRiC+mK55zWfM5f/pWBJfpOttXAqYfdDGRukYhJuyRinvPVAtUhvy7rlDybNtFg==",
      "dev": true
    },
    "uglifycss": {
      "version": "0.0.29",
      "resolved": "https://registry.npmjs.org/uglifycss/-/uglifycss-0.0.29.tgz",
      "integrity": "sha512-J2SQ2QLjiknNGbNdScaNZsXgmMGI0kYNrXaDlr4obnPW9ni1jljb1NeEVWAiTgZ8z+EBWP2ozfT9vpy03rjlMQ==",
      "dev": true
    },
    "w3c-keyname": {
      "version": "2.2.6",
      "resolved": "https://registry.npmjs.org/w3c-keyname/-/w3c-keyname-2.2.6.tgz",
      "integrity": "sha512-f+fciywl1SJEniZHD6H+kUO8gOnwIr7f4ijKA6+ZvJFjeGi1r4PDLl53Ayud9O/rk64RqgoQine0feoeOU0kXg==",
      "dev": true
    }
  }
}
