
Microsoft Visual Studio Solution File, Format Version 12.00
# Visual Studio Version 17
VisualStudioVersion = 17.9.34622.214
MinimumVisualStudioVersion = 10.0.40219.1
Project("{FAE04EC0-301F-11D3-BF4B-00C04F79EFBC}") = "Swan", "Swan.csproj", "{A90E6BF9-035D-4009-9091-C1448225FE18}"
EndProject
Global
	GlobalSection(SolutionConfigurationPlatforms) = preSolution
		Debug|Any CPU = Debug|Any CPU
		Release|Any CPU = Release|Any CPU
	EndGlobalSection
	GlobalSection(ProjectConfigurationPlatforms) = postSolution
		{A90E6BF9-035D-4009-9091-C1448225FE18}.Debug|Any CPU.ActiveCfg = Debug|Any CPU
		{A90E6BF9-035D-4009-9091-C1448225FE18}.Debug|Any CPU.Build.0 = Debug|Any CPU
		{A90E6BF9-035D-4009-9091-C1448225FE18}.Release|Any CPU.ActiveCfg = Release|Any CPU
		{A90E6BF9-035D-4009-9091-C1448225FE18}.Release|Any CPU.Build.0 = Release|Any CPU
	EndGlobalSection
	GlobalSection(SolutionProperties) = preSolution
		HideSolutionNode = FALSE
	EndGlobalSection
	GlobalSection(ExtensibilityGlobals) = postSolution
		SolutionGuid = {322B20F9-D205-4BEE-B926-0CD329890D7D}
	EndGlobalSection
EndGlobal
